// !$*UTF8*$!
{
	archiveVersion = 1;
	classes = {
	};
	objectVersion = 56;
	objects = {

/* Begin PBXBuildFile section */
		A0EA7C6E2CF6A9B90061F2EB /* AppDelegate.swift in Sources */ = {isa = PBXBuildFile; fileRef = A0EA7C6D2CF6A9B90061F2EB /* AppDelegate.swift */; };
		A0EA7C702CF6A9B90061F2EB /* SceneDelegate.swift in Sources */ = {isa = PBXBuildFile; fileRef = A0EA7C6F2CF6A9B90061F2EB /* SceneDelegate.swift */; };
		A0EA7C722CF6A9B90061F2EB /* ViewController.swift in Sources */ = {isa = PBXBuildFile; fileRef = A0EA7C712CF6A9B90061F2EB /* ViewController.swift */; };
		A0EA7C772CF6A9B90061F2EB /* Assets.xcassets in Resources */ = {isa = PBXBuildFile; fileRef = A0EA7C762CF6A9B90061F2EB /* Assets.xcassets */; };
		A0EA7C7A2CF6A9B90061F2EB /* Base in Resources */ = {isa = PBXBuildFile; fileRef = A0EA7C792CF6A9B90061F2EB /* Base */; };
		A0EA7C852CF6A9BA0061F2EB /* globoplay_desafio_mobileTests.swift in Sources */ = {isa = PBXBuildFile; fileRef = A0EA7C842CF6A9BA0061F2EB /* globoplay_desafio_mobileTests.swift */; };
		A0EA7C8F2CF6A9BA0061F2EB /* globoplay_desafio_mobileUITests.swift in Sources */ = {isa = PBXBuildFile; fileRef = A0EA7C8E2CF6A9BA0061F2EB /* globoplay_desafio_mobileUITests.swift */; };
		A0EA7C912CF6A9BA0061F2EB /* globoplay_desafio_mobileUITestsLaunchTests.swift in Sources */ = {isa = PBXBuildFile; fileRef = A0EA7C902CF6A9BA0061F2EB /* globoplay_desafio_mobileUITestsLaunchTests.swift */; };
/* End PBXBuildFile section */

/* Begin PBXContainerItemProxy section */
		A0EA7C812CF6A9BA0061F2EB /* PBXContainerItemProxy */ = {
			isa = PBXContainerItemProxy;
			containerPortal = A0EA7C622CF6A9B90061F2EB /* Project object */;
			proxyType = 1;
			remoteGlobalIDString = A0EA7C692CF6A9B90061F2EB;
			remoteInfo = "globoplay-desafio-mobile";
		};
		A0EA7C8B2CF6A9BA0061F2EB /* PBXContainerItemProxy */ = {
			isa = PBXContainerItemProxy;
			containerPortal = A0EA7C622CF6A9B90061F2EB /* Project object */;
			proxyType = 1;
			remoteGlobalIDString = A0EA7C692CF6A9B90061F2EB;
			remoteInfo = "globoplay-desafio-mobile";
		};
/* End PBXContainerItemProxy section */

/* Begin PBXFileReference section */
		A0EA7C6A2CF6A9B90061F2EB /* globoplay-desafio-mobile.app */ = {isa = PBXFileReference; explicitFileType = wrapper.application; includeInIndex = 0; path = "globoplay-desafio-mobile.app"; sourceTree = BUILT_PRODUCTS_DIR; };
		A0EA7C6D2CF6A9B90061F2EB /* AppDelegate.swift */ = {isa = PBXFileReference; lastKnownFileType = sourcecode.swift; path = AppDelegate.swift; sourceTree = "<group>"; };
		A0EA7C6F2CF6A9B90061F2EB /* SceneDelegate.swift */ = {isa = PBXFileReference; lastKnownFileType = sourcecode.swift; path = SceneDelegate.swift; sourceTree = "<group>"; };
		A0EA7C712CF6A9B90061F2EB /* ViewController.swift */ = {isa = PBXFileReference; lastKnownFileType = sourcecode.swift; path = ViewController.swift; sourceTree = "<group>"; };
		A0EA7C762CF6A9B90061F2EB /* Assets.xcassets */ = {isa = PBXFileReference; lastKnownFileType = folder.assetcatalog; path = Assets.xcassets; sourceTree = "<group>"; };
		A0EA7C792CF6A9B90061F2EB /* Base */ = {isa = PBXFileReference; lastKnownFileType = file.storyboard; name = Base; path = Base.lproj/LaunchScreen.storyboard; sourceTree = "<group>"; };
		A0EA7C7B2CF6A9B90061F2EB /* Info.plist */ = {isa = PBXFileReference; lastKnownFileType = text.plist.xml; path = Info.plist; sourceTree = "<group>"; };
		A0EA7C802CF6A9BA0061F2EB /* globoplay-desafio-mobileTests.xctest */ = {isa = PBXFileReference; explicitFileType = wrapper.cfbundle; includeInIndex = 0; path = "globoplay-desafio-mobileTests.xctest"; sourceTree = BUILT_PRODUCTS_DIR; };
		A0EA7C842CF6A9BA0061F2EB /* globoplay_desafio_mobileTests.swift */ = {isa = PBXFileReference; lastKnownFileType = sourcecode.swift; path = globoplay_desafio_mobileTests.swift; sourceTree = "<group>"; };
		A0EA7C8A2CF6A9BA0061F2EB /* globoplay-desafio-mobileUITests.xctest */ = {isa = PBXFileReference; explicitFileType = wrapper.cfbundle; includeInIndex = 0; path = "globoplay-desafio-mobileUITests.xctest"; sourceTree = BUILT_PRODUCTS_DIR; };
		A0EA7C8E2CF6A9BA0061F2EB /* globoplay_desafio_mobileUITests.swift */ = {isa = PBXFileReference; lastKnownFileType = sourcecode.swift; path = globoplay_desafio_mobileUITests.swift; sourceTree = "<group>"; };
		A0EA7C902CF6A9BA0061F2EB /* globoplay_desafio_mobileUITestsLaunchTests.swift */ = {isa = PBXFileReference; lastKnownFileType = sourcecode.swift; path = globoplay_desafio_mobileUITestsLaunchTests.swift; sourceTree = "<group>"; };
/* End PBXFileReference section */

/* Begin PBXFrameworksBuildPhase section */
		A0EA7C672CF6A9B90061F2EB /* Frameworks */ = {
			isa = PBXFrameworksBuildPhase;
			buildActionMask = 2147483647;
			files = (
			);
			runOnlyForDeploymentPostprocessing = 0;
		};
		A0EA7C7D2CF6A9BA0061F2EB /* Frameworks */ = {
			isa = PBXFrameworksBuildPhase;
			buildActionMask = 2147483647;
			files = (
			);
			runOnlyForDeploymentPostprocessing = 0;
		};
		A0EA7C872CF6A9BA0061F2EB /* Frameworks */ = {
			isa = PBXFrameworksBuildPhase;
			buildActionMask = 2147483647;
			files = (
			);
			runOnlyForDeploymentPostprocessing = 0;
		};
/* End PBXFrameworksBuildPhase section */

/* Begin PBXGroup section */
		A0EA7C612CF6A9B90061F2EB = {
			isa = PBXGroup;
			children = (
				A0EA7C6C2CF6A9B90061F2EB /* globoplay-desafio-mobile */,
				A0EA7C832CF6A9BA0061F2EB /* globoplay-desafio-mobileTests */,
				A0EA7C8D2CF6A9BA0061F2EB /* globoplay-desafio-mobileUITests */,
				A0EA7C6B2CF6A9B90061F2EB /* Products */,
			);
			sourceTree = "<group>";
		};
		A0EA7C6B2CF6A9B90061F2EB /* Products */ = {
			isa = PBXGroup;
			children = (
				A0EA7C6A2CF6A9B90061F2EB /* globoplay-desafio-mobile.app */,
				A0EA7C802CF6A9BA0061F2EB /* globoplay-desafio-mobileTests.xctest */,
				A0EA7C8A2CF6A9BA0061F2EB /* globoplay-desafio-mobileUITests.xctest */,
			);
			name = Products;
			sourceTree = "<group>";
		};
		A0EA7C6C2CF6A9B90061F2EB /* globoplay-desafio-mobile */ = {
			isa = PBXGroup;
			children = (
				A0EA7C6D2CF6A9B90061F2EB /* AppDelegate.swift */,
				A0EA7C6F2CF6A9B90061F2EB /* SceneDelegate.swift */,
				A0EA7C712CF6A9B90061F2EB /* ViewController.swift */,
				A0EA7C762CF6A9B90061F2EB /* Assets.xcassets */,
				A0EA7C782CF6A9B90061F2EB /* LaunchScreen.storyboard */,
				A0EA7C7B2CF6A9B90061F2EB /* Info.plist */,
			);
			path = "globoplay-desafio-mobile";
			sourceTree = "<group>";
		};
		A0EA7C832CF6A9BA0061F2EB /* globoplay-desafio-mobileTests */ = {
			isa = PBXGroup;
			children = (
				A0EA7C842CF6A9BA0061F2EB /* globoplay_desafio_mobileTests.swift */,
			);
			path = "globoplay-desafio-mobileTests";
			sourceTree = "<group>";
		};
		A0EA7C8D2CF6A9BA0061F2EB /* globoplay-desafio-mobileUITests */ = {
			isa = PBXGroup;
			children = (
				A0EA7C8E2CF6A9BA0061F2EB /* globoplay_desafio_mobileUITests.swift */,
				A0EA7C902CF6A9BA0061F2EB /* globoplay_desafio_mobileUITestsLaunchTests.swift */,
			);
			path = "globoplay-desafio-mobileUITests";
			sourceTree = "<group>";
		};
/* End PBXGroup section */

/* Begin PBXNativeTarget section */
		A0EA7C692CF6A9B90061F2EB /* globoplay-desafio-mobile */ = {
			isa = PBXNativeTarget;
			buildConfigurationList = A0EA7C942CF6A9BA0061F2EB /* Build configuration list for PBXNativeTarget "globoplay-desafio-mobile" */;
			buildPhases = (
				A0EA7C662CF6A9B90061F2EB /* Sources */,
				A0EA7C672CF6A9B90061F2EB /* Frameworks */,
				A0EA7C682CF6A9B90061F2EB /* Resources */,
			);
			buildRules = (
			);
			dependencies = (
			);
			name = "globoplay-desafio-mobile";
			productName = "globoplay-desafio-mobile";
			productReference = A0EA7C6A2CF6A9B90061F2EB /* globoplay-desafio-mobile.app */;
			productType = "com.apple.product-type.application";
		};
		A0EA7C7F2CF6A9BA0061F2EB /* globoplay-desafio-mobileTests */ = {
			isa = PBXNativeTarget;
			buildConfigurationList = A0EA7C972CF6A9BA0061F2EB /* Build configuration list for PBXNativeTarget "globoplay-desafio-mobileTests" */;
			buildPhases = (
				A0EA7C7C2CF6A9BA0061F2EB /* Sources */,
				A0EA7C7D2CF6A9BA0061F2EB /* Frameworks */,
				A0EA7C7E2CF6A9BA0061F2EB /* Resources */,
			);
			buildRules = (
			);
			dependencies = (
				A0EA7C822CF6A9BA0061F2EB /* PBXTargetDependency */,
			);
			name = "globoplay-desafio-mobileTests";
			productName = "globoplay-desafio-mobileTests";
			productReference = A0EA7C802CF6A9BA0061F2EB /* globoplay-desafio-mobileTests.xctest */;
			productType = "com.apple.product-type.bundle.unit-test";
		};
		A0EA7C892CF6A9BA0061F2EB /* globoplay-desafio-mobileUITests */ = {
			isa = PBXNativeTarget;
			buildConfigurationList = A0EA7C9A2CF6A9BA0061F2EB /* Build configuration list for PBXNativeTarget "globoplay-desafio-mobileUITests" */;
			buildPhases = (
				A0EA7C862CF6A9BA0061F2EB /* Sources */,
				A0EA7C872CF6A9BA0061F2EB /* Frameworks */,
				A0EA7C882CF6A9BA0061F2EB /* Resources */,
			);
			buildRules = (
			);
			dependencies = (
				A0EA7C8C2CF6A9BA0061F2EB /* PBXTargetDependency */,
			);
			name = "globoplay-desafio-mobileUITests";
			productName = "globoplay-desafio-mobileUITests";
			productReference = A0EA7C8A2CF6A9BA0061F2EB /* globoplay-desafio-mobileUITests.xctest */;
			productType = "com.apple.product-type.bundle.ui-testing";
		};
/* End PBXNativeTarget section */

/* Begin PBXProject section */
		A0EA7C622CF6A9B90061F2EB /* Project object */ = {
			isa = PBXProject;
			attributes = {
				BuildIndependentTargetsInParallel = 1;
				LastSwiftUpdateCheck = 1540;
				LastUpgradeCheck = 1540;
				TargetAttributes = {
					A0EA7C692CF6A9B90061F2EB = {
						CreatedOnToolsVersion = 15.4;
					};
					A0EA7C7F2CF6A9BA0061F2EB = {
						CreatedOnToolsVersion = 15.4;
						TestTargetID = A0EA7C692CF6A9B90061F2EB;
					};
					A0EA7C892CF6A9BA0061F2EB = {
						CreatedOnToolsVersion = 15.4;
						TestTargetID = A0EA7C692CF6A9B90061F2EB;
					};
				};
			};
			buildConfigurationList = A0EA7C652CF6A9B90061F2EB /* Build configuration list for PBXProject "globoplay-desafio-mobile" */;
			compatibilityVersion = "Xcode 14.0";
			developmentRegion = en;
			hasScannedForEncodings = 0;
			knownRegions = (
				en,
				Base,
			);
			mainGroup = A0EA7C612CF6A9B90061F2EB;
			productRefGroup = A0EA7C6B2CF6A9B90061F2EB /* Products */;
			projectDirPath = "";
			projectRoot = "";
			targets = (
				A0EA7C692CF6A9B90061F2EB /* globoplay-desafio-mobile */,
				A0EA7C7F2CF6A9BA0061F2EB /* globoplay-desafio-mobileTests */,
				A0EA7C892CF6A9BA0061F2EB /* globoplay-desafio-mobileUITests */,
			);
		};
/* End PBXProject section */

/* Begin PBXResourcesBuildPhase section */
		A0EA7C682CF6A9B90061F2EB /* Resources */ = {
			isa = PBXResourcesBuildPhase;
			buildActionMask = 2147483647;
			files = (
				A0EA7C772CF6A9B90061F2EB /* Assets.xcassets in Resources */,
				A0EA7C7A2CF6A9B90061F2EB /* Base in Resources */,
			);
			runOnlyForDeploymentPostprocessing = 0;
		};
		A0EA7C7E2CF6A9BA0061F2EB /* Resources */ = {
			isa = PBXResourcesBuildPhase;
			buildActionMask = 2147483647;
			files = (
			);
			runOnlyForDeploymentPostprocessing = 0;
		};
		A0EA7C882CF6A9BA0061F2EB /* Resources */ = {
			isa = PBXResourcesBuildPhase;
			buildActionMask = 2147483647;
			files = (
			);
			runOnlyForDeploymentPostprocessing = 0;
		};
/* End PBXResourcesBuildPhase section */

/* Begin PBXSourcesBuildPhase section */
		A0EA7C662CF6A9B90061F2EB /* Sources */ = {
			isa = PBXSourcesBuildPhase;
			buildActionMask = 2147483647;
			files = (
				A0EA7C722CF6A9B90061F2EB /* ViewController.swift in Sources */,
				A0EA7C6E2CF6A9B90061F2EB /* AppDelegate.swift in Sources */,
				A0EA7C702CF6A9B90061F2EB /* SceneDelegate.swift in Sources */,
			);
			runOnlyForDeploymentPostprocessing = 0;
		};
		A0EA7C7C2CF6A9BA0061F2EB /* Sources */ = {
			isa = PBXSourcesBuildPhase;
			buildActionMask = 2147483647;
			files = (
				A0EA7C852CF6A9BA0061F2EB /* globoplay_desafio_mobileTests.swift in Sources */,
			);
			runOnlyForDeploymentPostprocessing = 0;
		};
		A0EA7C862CF6A9BA0061F2EB /* Sources */ = {
			isa = PBXSourcesBuildPhase;
			buildActionMask = 2147483647;
			files = (
				A0EA7C912CF6A9BA0061F2EB /* globoplay_desafio_mobileUITestsLaunchTests.swift in Sources */,
				A0EA7C8F2CF6A9BA0061F2EB /* globoplay_desafio_mobileUITests.swift in Sources */,
			);
			runOnlyForDeploymentPostprocessing = 0;
		};
/* End PBXSourcesBuildPhase section */

/* Begin PBXTargetDependency section */
		A0EA7C822CF6A9BA0061F2EB /* PBXTargetDependency */ = {
			isa = PBXTargetDependency;
			target = A0EA7C692CF6A9B90061F2EB /* globoplay-desafio-mobile */;
			targetProxy = A0EA7C812CF6A9BA0061F2EB /* PBXContainerItemProxy */;
		};
		A0EA7C8C2CF6A9BA0061F2EB /* PBXTargetDependency */ = {
			isa = PBXTargetDependency;
			target = A0EA7C692CF6A9B90061F2EB /* globoplay-desafio-mobile */;
			targetProxy = A0EA7C8B2CF6A9BA0061F2EB /* PBXContainerItemProxy */;
		};
/* End PBXTargetDependency section */

/* Begin PBXVariantGroup section */
		A0EA7C782CF6A9B90061F2EB /* LaunchScreen.storyboard */ = {
			isa = PBXVariantGroup;
			children = (
				A0EA7C792CF6A9B90061F2EB /* Base */,
			);
			name = LaunchScreen.storyboard;
			sourceTree = "<group>";
		};
/* End PBXVariantGroup section */

/* Begin XCBuildConfiguration section */
		A0EA7C922CF6A9BA0061F2EB /* Debug */ = {
			isa = XCBuildConfiguration;
			buildSettings = {
				ALWAYS_SEARCH_USER_PATHS = NO;
				ASSETCATALOG_COMPILER_GENERATE_SWIFT_ASSET_SYMBOL_EXTENSIONS = YES;
				CLANG_ANALYZER_NONNULL = YES;
				CLANG_ANALYZER_NUMBER_OBJECT_CONVERSION = YES_AGGRESSIVE;
				CLANG_CXX_LANGUAGE_STANDARD = "gnu++20";
				CLANG_ENABLE_MODULES = YES;
				CLANG_ENABLE_OBJC_ARC = YES;
				CLANG_ENABLE_OBJC_WEAK = YES;
				CLANG_WARN_BLOCK_CAPTURE_AUTORELEASING = YES;
				CLANG_WARN_BOOL_CONVERSION = YES;
				CLANG_WARN_COMMA = YES;
				CLANG_WARN_CONSTANT_CONVERSION = YES;
				CLANG_WARN_DEPRECATED_OBJC_IMPLEMENTATIONS = YES;
				CLANG_WARN_DIRECT_OBJC_ISA_USAGE = YES_ERROR;
				CLANG_WARN_DOCUMENTATION_COMMENTS = YES;
				CLANG_WARN_EMPTY_BODY = YES;
				CLANG_WARN_ENUM_CONVERSION = YES;
				CLANG_WARN_INFINITE_RECURSION = YES;
				CLANG_WARN_INT_CONVERSION = YES;
				CLANG_WARN_NON_LITERAL_NULL_CONVERSION = YES;
				CLANG_WARN_OBJC_IMPLICIT_RETAIN_SELF = YES;
				CLANG_WARN_OBJC_LITERAL_CONVERSION = YES;
				CLANG_WARN_OBJC_ROOT_CLASS = YES_ERROR;
				CLANG_WARN_QUOTED_INCLUDE_IN_FRAMEWORK_HEADER = YES;
				CLANG_WARN_RANGE_LOOP_ANALYSIS = YES;
				CLANG_WARN_STRICT_PROTOTYPES = YES;
				CLANG_WARN_SUSPICIOUS_MOVE = YES;
				CLANG_WARN_UNGUARDED_AVAILABILITY = YES_AGGRESSIVE;
				CLANG_WARN_UNREACHABLE_CODE = YES;
				CLANG_WARN__DUPLICATE_METHOD_MATCH = YES;
				COPY_PHASE_STRIP = NO;
				DEBUG_INFORMATION_FORMAT = dwarf;
				ENABLE_STRICT_OBJC_MSGSEND = YES;
				ENABLE_TESTABILITY = YES;
				ENABLE_USER_SCRIPT_SANDBOXING = YES;
				GCC_C_LANGUAGE_STANDARD = gnu17;
				GCC_DYNAMIC_NO_PIC = NO;
				GCC_NO_COMMON_BLOCKS = YES;
				GCC_OPTIMIZATION_LEVEL = 0;
				GCC_PREPROCESSOR_DEFINITIONS = (
					"DEBUG=1",
					"$(inherited)",
				);
				GCC_WARN_64_TO_32_BIT_CONVERSION = YES;
				GCC_WARN_ABOUT_RETURN_TYPE = YES_ERROR;
				GCC_WARN_UNDECLARED_SELECTOR = YES;
				GCC_WARN_UNINITIALIZED_AUTOS = YES_AGGRESSIVE;
				GCC_WARN_UNUSED_FUNCTION = YES;
				GCC_WARN_UNUSED_VARIABLE = YES;
				IPHONEOS_DEPLOYMENT_TARGET = 17.5;
				LOCALIZATION_PREFERS_STRING_CATALOGS = YES;
				MTL_ENABLE_DEBUG_INFO = INCLUDE_SOURCE;
				MTL_FAST_MATH = YES;
				ONLY_ACTIVE_ARCH = YES;
				SDKROOT = iphoneos;
				SWIFT_ACTIVE_COMPILATION_CONDITIONS = "DEBUG $(inherited)";
				SWIFT_OPTIMIZATION_LEVEL = "-Onone";
			};
			name = Debug;
		};
		A0EA7C932CF6A9BA0061F2EB /* Release */ = {
			isa = XCBuildConfiguration;
			buildSettings = {
				ALWAYS_SEARCH_USER_PATHS = NO;
				ASSETCATALOG_COMPILER_GENERATE_SWIFT_ASSET_SYMBOL_EXTENSIONS = YES;
				CLANG_ANALYZER_NONNULL = YES;
				CLANG_ANALYZER_NUMBER_OBJECT_CONVERSION = YES_AGGRESSIVE;
				CLANG_CXX_LANGUAGE_STANDARD = "gnu++20";
				CLANG_ENABLE_MODULES = YES;
				CLANG_ENABLE_OBJC_ARC = YES;
				CLANG_ENABLE_OBJC_WEAK = YES;
				CLANG_WARN_BLOCK_CAPTURE_AUTORELEASING = YES;
				CLANG_WARN_BOOL_CONVERSION = YES;
				CLANG_WARN_COMMA = YES;
				CLANG_WARN_CONSTANT_CONVERSION = YES;
				CLANG_WARN_DEPRECATED_OBJC_IMPLEMENTATIONS = YES;
				CLANG_WARN_DIRECT_OBJC_ISA_USAGE = YES_ERROR;
				CLANG_WARN_DOCUMENTATION_COMMENTS = YES;
				CLANG_WARN_EMPTY_BODY = YES;
				CLANG_WARN_ENUM_CONVERSION = YES;
				CLANG_WARN_INFINITE_RECURSION = YES;
				CLANG_WARN_INT_CONVERSION = YES;
				CLANG_WARN_NON_LITERAL_NULL_CONVERSION = YES;
				CLANG_WARN_OBJC_IMPLICIT_RETAIN_SELF = YES;
				CLANG_WARN_OBJC_LITERAL_CONVERSION = YES;
				CLANG_WARN_OBJC_ROOT_CLASS = YES_ERROR;
				CLANG_WARN_QUOTED_INCLUDE_IN_FRAMEWORK_HEADER = YES;
				CLANG_WARN_RANGE_LOOP_ANALYSIS = YES;
				CLANG_WARN_STRICT_PROTOTYPES = YES;
				CLANG_WARN_SUSPICIOUS_MOVE = YES;
				CLANG_WARN_UNGUARDED_AVAILABILITY = YES_AGGRESSIVE;
				CLANG_WARN_UNREACHABLE_CODE = YES;
				CLANG_WARN__DUPLICATE_METHOD_MATCH = YES;
				COPY_PHASE_STRIP = NO;
				DEBUG_INFORMATION_FORMAT = "dwarf-with-dsym";
				ENABLE_NS_ASSERTIONS = NO;
				ENABLE_STRICT_OBJC_MSGSEND = YES;
				ENABLE_USER_SCRIPT_SANDBOXING = YES;
				GCC_C_LANGUAGE_STANDARD = gnu17;
				GCC_NO_COMMON_BLOCKS = YES;
				GCC_WARN_64_TO_32_BIT_CONVERSION = YES;
				GCC_WARN_ABOUT_RETURN_TYPE = YES_ERROR;
				GCC_WARN_UNDECLARED_SELECTOR = YES;
				GCC_WARN_UNINITIALIZED_AUTOS = YES_AGGRESSIVE;
				GCC_WARN_UNUSED_FUNCTION = YES;
				GCC_WARN_UNUSED_VARIABLE = YES;
				IPHONEOS_DEPLOYMENT_TARGET = 17.5;
				LOCALIZATION_PREFERS_STRING_CATALOGS = YES;
				MTL_ENABLE_DEBUG_INFO = NO;
				MTL_FAST_MATH = YES;
				SDKROOT = iphoneos;
				SWIFT_COMPILATION_MODE = wholemodule;
				VALIDATE_PRODUCT = YES;
			};
			name = Release;
		};
		A0EA7C952CF6A9BA0061F2EB /* Debug */ = {
			isa = XCBuildConfiguration;
			buildSettings = {
				ASSETCATALOG_COMPILER_APPICON_NAME = AppIcon;
				ASSETCATALOG_COMPILER_GLOBAL_ACCENT_COLOR_NAME = AccentColor;
				CODE_SIGN_STYLE = Automatic;
				CURRENT_PROJECT_VERSION = 1;
				DEVELOPMENT_TEAM = 2A2JAGWQ62;
				GENERATE_INFOPLIST_FILE = YES;
				INFOPLIST_FILE = "globoplay-desafio-mobile/Info.plist";
				INFOPLIST_KEY_UIApplicationSupportsIndirectInputEvents = YES;
				INFOPLIST_KEY_UILaunchStoryboardName = LaunchScreen;
				INFOPLIST_KEY_UIMainStoryboardFile = "";
				INFOPLIST_KEY_UISupportedInterfaceOrientations_iPad = "UIInterfaceOrientationPortrait UIInterfaceOrientationPortraitUpsideDown UIInterfaceOrientationLandscapeLeft UIInterfaceOrientationLandscapeRight";
				INFOPLIST_KEY_UISupportedInterfaceOrientations_iPhone = "UIInterfaceOrientationPortrait UIInterfaceOrientationLandscapeLeft UIInterfaceOrientationLandscapeRight";
				LD_RUNPATH_SEARCH_PATHS = (
					"$(inherited)",
					"@executable_path/Frameworks",
				);
				MARKETING_VERSION = 1.0;
				PRODUCT_BUNDLE_IDENTIFIER = "br.com.carolina.ortega.globoplay-desafio-mobile";
				PRODUCT_NAME = "$(TARGET_NAME)";
				SWIFT_EMIT_LOC_STRINGS = YES;
				SWIFT_VERSION = 5.0;
				TARGETED_DEVICE_FAMILY = "1,2";
			};
			name = Debug;
		};
		A0EA7C962CF6A9BA0061F2EB /* Release */ = {
			isa = XCBuildConfiguration;
			buildSettings = {
				ASSETCATALOG_COMPILER_APPICON_NAME = AppIcon;
				ASSETCATALOG_COMPILER_GLOBAL_ACCENT_COLOR_NAME = AccentColor;
				CODE_SIGN_STYLE = Automatic;
				CURRENT_PROJECT_VERSION = 1;
				DEVELOPMENT_TEAM = 2A2JAGWQ62;
				GENERATE_INFOPLIST_FILE = YES;
				INFOPLIST_FILE = "globoplay-desafio-mobile/Info.plist";
				INFOPLIST_KEY_UIApplicationSupportsIndirectInputEvents = YES;
				INFOPLIST_KEY_UILaunchStoryboardName = LaunchScreen;
				INFOPLIST_KEY_UIMainStoryboardFile = "";
				INFOPLIST_KEY_UISupportedInterfaceOrientations_iPad = "UIInterfaceOrientationPortrait UIInterfaceOrientationPortraitUpsideDown UIInterfaceOrientationLandscapeLeft UIInterfaceOrientationLandscapeRight";
				INFOPLIST_KEY_UISupportedInterfaceOrientations_iPhone = "UIInterfaceOrientationPortrait UIInterfaceOrientationLandscapeLeft UIInterfaceOrientationLandscapeRight";
				LD_RUNPATH_SEARCH_PATHS = (
					"$(inherited)",
					"@executable_path/Frameworks",
				);
				MARKETING_VERSION = 1.0;
				PRODUCT_BUNDLE_IDENTIFIER = "br.com.carolina.ortega.globoplay-desafio-mobile";
				PRODUCT_NAME = "$(TARGET_NAME)";
				SWIFT_EMIT_LOC_STRINGS = YES;
				SWIFT_VERSION = 5.0;
				TARGETED_DEVICE_FAMILY = "1,2";
			};
			name = Release;
		};
		A0EA7C982CF6A9BA0061F2EB /* Debug */ = {
			isa = XCBuildConfiguration;
			buildSettings = {
				ALWAYS_EMBED_SWIFT_STANDARD_LIBRARIES = YES;
				BUNDLE_LOADER = "$(TEST_HOST)";
				CODE_SIGN_STYLE = Automatic;
				CURRENT_PROJECT_VERSION = 1;
				DEVELOPMENT_TEAM = 2A2JAGWQ62;
				GENERATE_INFOPLIST_FILE = YES;
				IPHONEOS_DEPLOYMENT_TARGET = 17.5;
				MARKETING_VERSION = 1.0;
				PRODUCT_BUNDLE_IDENTIFIER = "br.com.carolina.ortega.globoplay-desafio-mobileTests";
				PRODUCT_NAME = "$(TARGET_NAME)";
				SWIFT_EMIT_LOC_STRINGS = NO;
				SWIFT_VERSION = 5.0;
				TARGETED_DEVICE_FAMILY = "1,2";
				TEST_HOST = "$(BUILT_PRODUCTS_DIR)/globoplay-desafio-mobile.app/$(BUNDLE_EXECUTABLE_FOLDER_PATH)/globoplay-desafio-mobile";
			};
			name = Debug;
		};
		A0EA7C992CF6A9BA0061F2EB /* Release */ = {
			isa = XCBuildConfiguration;
			buildSettings = {
				ALWAYS_EMBED_SWIFT_STANDARD_LIBRARIES = YES;
				BUNDLE_LOADER = "$(TEST_HOST)";
				CODE_SIGN_STYLE = Automatic;
				CURRENT_PROJECT_VERSION = 1;
				DEVELOPMENT_TEAM = 2A2JAGWQ62;
				GENERATE_INFOPLIST_FILE = YES;
				IPHONEOS_DEPLOYMENT_TARGET = 17.5;
				MARKETING_VERSION = 1.0;
				PRODUCT_BUNDLE_IDENTIFIER = "br.com.carolina.ortega.globoplay-desafio-mobileTests";
				PRODUCT_NAME = "$(TARGET_NAME)";
				SWIFT_EMIT_LOC_STRINGS = NO;
				SWIFT_VERSION = 5.0;
				TARGETED_DEVICE_FAMILY = "1,2";
				TEST_HOST = "$(BUILT_PRODUCTS_DIR)/globoplay-desafio-mobile.app/$(BUNDLE_EXECUTABLE_FOLDER_PATH)/globoplay-desafio-mobile";
			};
			name = Release;
		};
		A0EA7C9B2CF6A9BA0061F2EB /* Debug */ = {
			isa = XCBuildConfiguration;
			buildSettings = {
				ALWAYS_EMBED_SWIFT_STANDARD_LIBRARIES = YES;
				CODE_SIGN_STYLE = Automatic;
				CURRENT_PROJECT_VERSION = 1;
				DEVELOPMENT_TEAM = 2A2JAGWQ62;
				GENERATE_INFOPLIST_FILE = YES;
				MARKETING_VERSION = 1.0;
				PRODUCT_BUNDLE_IDENTIFIER = "br.com.carolina.ortega.globoplay-desafio-mobileUITests";
				PRODUCT_NAME = "$(TARGET_NAME)";
				SWIFT_EMIT_LOC_STRINGS = NO;
				SWIFT_VERSION = 5.0;
				TARGETED_DEVICE_FAMILY = "1,2";
				TEST_TARGET_NAME = "globoplay-desafio-mobile";
			};
			name = Debug;
		};
		A0EA7C9C2CF6A9BA0061F2EB /* Release */ = {
			isa = XCBuildConfiguration;
			buildSettings = {
				ALWAYS_EMBED_SWIFT_STANDARD_LIBRARIES = YES;
				CODE_SIGN_STYLE = Automatic;
				CURRENT_PROJECT_VERSION = 1;
				DEVELOPMENT_TEAM = 2A2JAGWQ62;
				GENERATE_INFOPLIST_FILE = YES;
				MARKETING_VERSION = 1.0;
				PRODUCT_BUNDLE_IDENTIFIER = "br.com.carolina.ortega.globoplay-desafio-mobileUITests";
				PRODUCT_NAME = "$(TARGET_NAME)";
				SWIFT_EMIT_LOC_STRINGS = NO;
				SWIFT_VERSION = 5.0;
				TARGETED_DEVICE_FAMILY = "1,2";
				TEST_TARGET_NAME = "globoplay-desafio-mobile";
			};
			name = Release;
		};
/* End XCBuildConfiguration section */

/* Begin XCConfigurationList section */
		A0EA7C652CF6A9B90061F2EB /* Build configuration list for PBXProject "globoplay-desafio-mobile" */ = {
			isa = XCConfigurationList;
			buildConfigurations = (
				A0EA7C922CF6A9BA0061F2EB /* Debug */,
				A0EA7C932CF6A9BA0061F2EB /* Release */,
			);
			defaultConfigurationIsVisible = 0;
			defaultConfigurationName = Release;
		};
		A0EA7C942CF6A9BA0061F2EB /* Build configuration list for PBXNativeTarget "globoplay-desafio-mobile" */ = {
			isa = XCConfigurationList;
			buildConfigurations = (
				A0EA7C952CF6A9BA0061F2EB /* Debug */,
				A0EA7C962CF6A9BA0061F2EB /* Release */,
			);
			defaultConfigurationIsVisible = 0;
			defaultConfigurationName = Release;
		};
		A0EA7C972CF6A9BA0061F2EB /* Build configuration list for PBXNativeTarget "globoplay-desafio-mobileTests" */ = {
			isa = XCConfigurationList;
			buildConfigurations = (
				A0EA7C982CF6A9BA0061F2EB /* Debug */,
				A0EA7C992CF6A9BA0061F2EB /* Release */,
			);
			defaultConfigurationIsVisible = 0;
			defaultConfigurationName = Release;
		};
		A0EA7C9A2CF6A9BA0061F2EB /* Build configuration list for PBXNativeTarget "globoplay-desafio-mobileUITests" */ = {
			isa = XCConfigurationList;
			buildConfigurations = (
				A0EA7C9B2CF6A9BA0061F2EB /* Debug */,
				A0EA7C9C2CF6A9BA0061F2EB /* Release */,
			);
			defaultConfigurationIsVisible = 0;
			defaultConfigurationName = Release;
		};
/* End XCConfigurationList section */
	};
	rootObject = A0EA7C622CF6A9B90061F2EB /* Project object */;
}
